// !$*UTF8*$!
{
	archiveVersion = 1;
	classes = {
	};
	objectVersion = 56;
	objects = {

/* Begin PBXBuildFile section */
		CBFEE3A72B52F1FD00C43318 /* AppDelegate.swift in Sources */ = {isa = PBXBuildFile; fileRef = CBFEE3A62B52F1FD00C43318 /* AppDelegate.swift */; };
		CBFEE3A92B52F1FD00C43318 /* SceneDelegate.swift in Sources */ = {isa = PBXBuildFile; fileRef = CBFEE3A82B52F1FD00C43318 /* SceneDelegate.swift */; };
		CBFEE3AB2B52F1FD00C43318 /* ViewController.swift in Sources */ = {isa = PBXBuildFile; fileRef = CBFEE3AA2B52F1FD00C43318 /* ViewController.swift */; };
		CBFEE3AE2B52F1FD00C43318 /* Main.storyboard in Resources */ = {isa = PBXBuildFile; fileRef = CBFEE3AC2B52F1FD00C43318 /* Main.storyboard */; };
		CBFEE3B02B52F1FE00C43318 /* Assets.xcassets in Resources */ = {isa = PBXBuildFile; fileRef = CBFEE3AF2B52F1FE00C43318 /* Assets.xcassets */; };
		CBFEE3B32B52F1FE00C43318 /* LaunchScreen.storyboard in Resources */ = {isa = PBXBuildFile; fileRef = CBFEE3B12B52F1FE00C43318 /* LaunchScreen.storyboard */; };
		CBFEE3BE2B52F1FE00C43318 /* Assignment_1Tests.swift in Sources */ = {isa = PBXBuildFile; fileRef = CBFEE3BD2B52F1FE00C43318 /* Assignment_1Tests.swift */; };
		CBFEE3C82B52F1FE00C43318 /* Assignment_1UITests.swift in Sources */ = {isa = PBXBuildFile; fileRef = CBFEE3C72B52F1FE00C43318 /* Assignment_1UITests.swift */; };
		CBFEE3CA2B52F1FE00C43318 /* Assignment_1UITestsLaunchTests.swift in Sources */ = {isa = PBXBuildFile; fileRef = CBFEE3C92B52F1FE00C43318 /* Assignment_1UITestsLaunchTests.swift */; };
/* End PBXBuildFile section */

/* Begin PBXContainerItemProxy section */
		CBFEE3BA2B52F1FE00C43318 /* PBXContainerItemProxy */ = {
			isa = PBXContainerItemProxy;
			containerPortal = CBFEE39B2B52F1FD00C43318 /* Project object */;
			proxyType = 1;
			remoteGlobalIDString = CBFEE3A22B52F1FD00C43318;
			remoteInfo = "Assignment 1";
		};
		CBFEE3C42B52F1FE00C43318 /* PBXContainerItemProxy */ = {
			isa = PBXContainerItemProxy;
			containerPortal = CBFEE39B2B52F1FD00C43318 /* Project object */;
			proxyType = 1;
			remoteGlobalIDString = CBFEE3A22B52F1FD00C43318;
			remoteInfo = "Assignment 1";
		};
/* End PBXContainerItemProxy section */

/* Begin PBXFileReference section */
		CBFEE3A32B52F1FD00C43318 /* Assignment 1.app */ = {isa = PBXFileReference; explicitFileType = wrapper.application; includeInIndex = 0; path = "Assignment 1.app"; sourceTree = BUILT_PRODUCTS_DIR; };
		CBFEE3A62B52F1FD00C43318 /* AppDelegate.swift */ = {isa = PBXFileReference; lastKnownFileType = sourcecode.swift; path = AppDelegate.swift; sourceTree = "<group>"; };
		CBFEE3A82B52F1FD00C43318 /* SceneDelegate.swift */ = {isa = PBXFileReference; lastKnownFileType = sourcecode.swift; path = SceneDelegate.swift; sourceTree = "<group>"; };
		CBFEE3AA2B52F1FD00C43318 /* ViewController.swift */ = {isa = PBXFileReference; lastKnownFileType = sourcecode.swift; path = ViewController.swift; sourceTree = "<group>"; };
		CBFEE3AD2B52F1FD00C43318 /* Base */ = {isa = PBXFileReference; lastKnownFileType = file.storyboard; name = Base; path = Base.lproj/Main.storyboard; sourceTree = "<group>"; };
		CBFEE3AF2B52F1FE00C43318 /* Assets.xcassets */ = {isa = PBXFileReference; lastKnownFileType = folder.assetcatalog; path = Assets.xcassets; sourceTree = "<group>"; };
		CBFEE3B22B52F1FE00C43318 /* Base */ = {isa = PBXFileReference; lastKnownFileType = file.storyboard; name = Base; path = Base.lproj/LaunchScreen.storyboard; sourceTree = "<group>"; };
		CBFEE3B42B52F1FE00C43318 /* Info.plist */ = {isa = PBXFileReference; lastKnownFileType = text.plist.xml; path = Info.plist; sourceTree = "<group>"; };
		CBFEE3B92B52F1FE00C43318 /* Assignment 1Tests.xctest */ = {isa = PBXFileReference; explicitFileType = wrapper.cfbundle; includeInIndex = 0; path = "Assignment 1Tests.xctest"; sourceTree = BUILT_PRODUCTS_DIR; };
		CBFEE3BD2B52F1FE00C43318 /* Assignment_1Tests.swift */ = {isa = PBXFileReference; lastKnownFileType = sourcecode.swift; path = Assignment_1Tests.swift; sourceTree = "<group>"; };
		CBFEE3C32B52F1FE00C43318 /* Assignment 1UITests.xctest */ = {isa = PBXFileReference; explicitFileType = wrapper.cfbundle; includeInIndex = 0; path = "Assignment 1UITests.xctest"; sourceTree = BUILT_PRODUCTS_DIR; };
		CBFEE3C72B52F1FE00C43318 /* Assignment_1UITests.swift */ = {isa = PBXFileReference; lastKnownFileType = sourcecode.swift; path = Assignment_1UITests.swift; sourceTree = "<group>"; };
		CBFEE3C92B52F1FE00C43318 /* Assignment_1UITestsLaunchTests.swift */ = {isa = PBXFileReference; lastKnownFileType = sourcecode.swift; path = Assignment_1UITestsLaunchTests.swift; sourceTree = "<group>"; };
/* End PBXFileReference section */

/* Begin PBXFrameworksBuildPhase section */
		CBFEE3A02B52F1FD00C43318 /* Frameworks */ = {
			isa = PBXFrameworksBuildPhase;
			buildActionMask = 2147483647;
			files = (
			);
			runOnlyForDeploymentPostprocessing = 0;
		};
		CBFEE3B62B52F1FE00C43318 /* Frameworks */ = {
			isa = PBXFrameworksBuildPhase;
			buildActionMask = 2147483647;
			files = (
			);
			runOnlyForDeploymentPostprocessing = 0;
		};
		CBFEE3C02B52F1FE00C43318 /* Frameworks */ = {
			isa = PBXFrameworksBuildPhase;
			buildActionMask = 2147483647;
			files = (
			);
			runOnlyForDeploymentPostprocessing = 0;
		};
/* End PBXFrameworksBuildPhase section */

/* Begin PBXGroup section */
		CBFEE39A2B52F1FD00C43318 = {
			isa = PBXGroup;
			children = (
				CBFEE3A52B52F1FD00C43318 /* Assignment 1 */,
				CBFEE3BC2B52F1FE00C43318 /* Assignment 1Tests */,
				CBFEE3C62B52F1FE00C43318 /* Assignment 1UITests */,
				CBFEE3A42B52F1FD00C43318 /* Products */,
			);
			sourceTree = "<group>";
		};
		CBFEE3A42B52F1FD00C43318 /* Products */ = {
			isa = PBXGroup;
			children = (
				CBFEE3A32B52F1FD00C43318 /* Assignment 1.app */,
				CBFEE3B92B52F1FE00C43318 /* Assignment 1Tests.xctest */,
				CBFEE3C32B52F1FE00C43318 /* Assignment 1UITests.xctest */,
			);
			name = Products;
			sourceTree = "<group>";
		};
		CBFEE3A52B52F1FD00C43318 /* Assignment 1 */ = {
			isa = PBXGroup;
			children = (
				CBFEE3A62B52F1FD00C43318 /* AppDelegate.swift */,
				CBFEE3A82B52F1FD00C43318 /* SceneDelegate.swift */,
				CBFEE3AA2B52F1FD00C43318 /* ViewController.swift */,
				CBFEE3AC2B52F1FD00C43318 /* Main.storyboard */,
				CBFEE3AF2B52F1FE00C43318 /* Assets.xcassets */,
				CBFEE3B12B52F1FE00C43318 /* LaunchScreen.storyboard */,
				CBFEE3B42B52F1FE00C43318 /* Info.plist */,
			);
			path = "Assignment 1";
			sourceTree = "<group>";
		};
		CBFEE3BC2B52F1FE00C43318 /* Assignment 1Tests */ = {
			isa = PBXGroup;
			children = (
				CBFEE3BD2B52F1FE00C43318 /* Assignment_1Tests.swift */,
			);
			path = "Assignment 1Tests";
			sourceTree = "<group>";
		};
		CBFEE3C62B52F1FE00C43318 /* Assignment 1UITests */ = {
			isa = PBXGroup;
			children = (
				CBFEE3C72B52F1FE00C43318 /* Assignment_1UITests.swift */,
				CBFEE3C92B52F1FE00C43318 /* Assignment_1UITestsLaunchTests.swift */,
			);
			path = "Assignment 1UITests";
			sourceTree = "<group>";
		};
/* End PBXGroup section */

/* Begin PBXNativeTarget section */
		CBFEE3A22B52F1FD00C43318 /* Assignment 1 */ = {
			isa = PBXNativeTarget;
			buildConfigurationList = CBFEE3CD2B52F1FE00C43318 /* Build configuration list for PBXNativeTarget "Assignment 1" */;
			buildPhases = (
				CBFEE39F2B52F1FD00C43318 /* Sources */,
				CBFEE3A02B52F1FD00C43318 /* Frameworks */,
				CBFEE3A12B52F1FD00C43318 /* Resources */,
			);
			buildRules = (
			);
			dependencies = (
			);
			name = "Assignment 1";
			productName = "Assignment 1";
			productReference = CBFEE3A32B52F1FD00C43318 /* Assignment 1.app */;
			productType = "com.apple.product-type.application";
		};
		CBFEE3B82B52F1FE00C43318 /* Assignment 1Tests */ = {
			isa = PBXNativeTarget;
			buildConfigurationList = CBFEE3D02B52F1FE00C43318 /* Build configuration list for PBXNativeTarget "Assignment 1Tests" */;
			buildPhases = (
				CBFEE3B52B52F1FE00C43318 /* Sources */,
				CBFEE3B62B52F1FE00C43318 /* Frameworks */,
				CBFEE3B72B52F1FE00C43318 /* Resources */,
			);
			buildRules = (
			);
			dependencies = (
				CBFEE3BB2B52F1FE00C43318 /* PBXTargetDependency */,
			);
			name = "Assignment 1Tests";
			productName = "Assignment 1Tests";
			productReference = CBFEE3B92B52F1FE00C43318 /* Assignment 1Tests.xctest */;
			productType = "com.apple.product-type.bundle.unit-test";
		};
		CBFEE3C22B52F1FE00C43318 /* Assignment 1UITests */ = {
			isa = PBXNativeTarget;
			buildConfigurationList = CBFEE3D32B52F1FE00C43318 /* Build configuration list for PBXNativeTarget "Assignment 1UITests" */;
			buildPhases = (
				CBFEE3BF2B52F1FE00C43318 /* Sources */,
				CBFEE3C02B52F1FE00C43318 /* Frameworks */,
				CBFEE3C12B52F1FE00C43318 /* Resources */,
			);
			buildRules = (
			);
			dependencies = (
				CBFEE3C52B52F1FE00C43318 /* PBXTargetDependency */,
			);
			name = "Assignment 1UITests";
			productName = "Assignment 1UITests";
			productReference = CBFEE3C32B52F1FE00C43318 /* Assignment 1UITests.xctest */;
			productType = "com.apple.product-type.bundle.ui-testing";
		};
/* End PBXNativeTarget section */

/* Begin PBXProject section */
		CBFEE39B2B52F1FD00C43318 /* Project object */ = {
			isa = PBXProject;
			attributes = {
				BuildIndependentTargetsInParallel = 1;
				LastSwiftUpdateCheck = 1510;
				LastUpgradeCheck = 1510;
				TargetAttributes = {
					CBFEE3A22B52F1FD00C43318 = {
						CreatedOnToolsVersion = 15.1;
					};
					CBFEE3B82B52F1FE00C43318 = {
						CreatedOnToolsVersion = 15.1;
						TestTargetID = CBFEE3A22B52F1FD00C43318;
					};
					CBFEE3C22B52F1FE00C43318 = {
						CreatedOnToolsVersion = 15.1;
						TestTargetID = CBFEE3A22B52F1FD00C43318;
					};
				};
			};
			buildConfigurationList = CBFEE39E2B52F1FD00C43318 /* Build configuration list for PBXProject "Assignment 1" */;
			compatibilityVersion = "Xcode 14.0";
			developmentRegion = en;
			hasScannedForEncodings = 0;
			knownRegions = (
				en,
				Base,
			);
			mainGroup = CBFEE39A2B52F1FD00C43318;
			productRefGroup = CBFEE3A42B52F1FD00C43318 /* Products */;
			projectDirPath = "";
			projectRoot = "";
			targets = (
				CBFEE3A22B52F1FD00C43318 /* Assignment 1 */,
				CBFEE3B82B52F1FE00C43318 /* Assignment 1Tests */,
				CBFEE3C22B52F1FE00C43318 /* Assignment 1UITests */,
			);
		};
/* End PBXProject section */

/* Begin PBXResourcesBuildPhase section */
		CBFEE3A12B52F1FD00C43318 /* Resources */ = {
			isa = PBXResourcesBuildPhase;
			buildActionMask = 2147483647;
			files = (
				CBFEE3B32B52F1FE00C43318 /* LaunchScreen.storyboard in Resources */,
				CBFEE3B02B52F1FE00C43318 /* Assets.xcassets in Resources */,
				CBFEE3AE2B52F1FD00C43318 /* Main.storyboard in Resources */,
			);
			runOnlyForDeploymentPostprocessing = 0;
		};
		CBFEE3B72B52F1FE00C43318 /* Resources */ = {
			isa = PBXResourcesBuildPhase;
			buildActionMask = 2147483647;
			files = (
			);
			runOnlyForDeploymentPostprocessing = 0;
		};
		CBFEE3C12B52F1FE00C43318 /* Resources */ = {
			isa = PBXResourcesBuildPhase;
			buildActionMask = 2147483647;
			files = (
			);
			runOnlyForDeploymentPostprocessing = 0;
		};
/* End PBXResourcesBuildPhase section */

/* Begin PBXSourcesBuildPhase section */
		CBFEE39F2B52F1FD00C43318 /* Sources */ = {
			isa = PBXSourcesBuildPhase;
			buildActionMask = 2147483647;
			files = (
				CBFEE3AB2B52F1FD00C43318 /* ViewController.swift in Sources */,
				CBFEE3A72B52F1FD00C43318 /* AppDelegate.swift in Sources */,
				CBFEE3A92B52F1FD00C43318 /* SceneDelegate.swift in Sources */,
			);
			runOnlyForDeploymentPostprocessing = 0;
		};
		CBFEE3B52B52F1FE00C43318 /* Sources */ = {
			isa = PBXSourcesBuildPhase;
			buildActionMask = 2147483647;
			files = (
				CBFEE3BE2B52F1FE00C43318 /* Assignment_1Tests.swift in Sources */,
			);
			runOnlyForDeploymentPostprocessing = 0;
		};
		CBFEE3BF2B52F1FE00C43318 /* Sources */ = {
			isa = PBXSourcesBuildPhase;
			buildActionMask = 2147483647;
			files = (
				CBFEE3C82B52F1FE00C43318 /* Assignment_1UITests.swift in Sources */,
				CBFEE3CA2B52F1FE00C43318 /* Assignment_1UITestsLaunchTests.swift in Sources */,
			);
			runOnlyForDeploymentPostprocessing = 0;
		};
/* End PBXSourcesBuildPhase section */

/* Begin PBXTargetDependency section */
		CBFEE3BB2B52F1FE00C43318 /* PBXTargetDependency */ = {
			isa = PBXTargetDependency;
			target = CBFEE3A22B52F1FD00C43318 /* Assignment 1 */;
			targetProxy = CBFEE3BA2B52F1FE00C43318 /* PBXContainerItemProxy */;
		};
		CBFEE3C52B52F1FE00C43318 /* PBXTargetDependency */ = {
			isa = PBXTargetDependency;
			target = CBFEE3A22B52F1FD00C43318 /* Assignment 1 */;
			targetProxy = CBFEE3C42B52F1FE00C43318 /* PBXContainerItemProxy */;
		};
/* End PBXTargetDependency section */

/* Begin PBXVariantGroup section */
		CBFEE3AC2B52F1FD00C43318 /* Main.storyboard */ = {
			isa = PBXVariantGroup;
			children = (
				CBFEE3AD2B52F1FD00C43318 /* Base */,
			);
			name = Main.storyboard;
			sourceTree = "<group>";
		};
		CBFEE3B12B52F1FE00C43318 /* LaunchScreen.storyboard */ = {
			isa = PBXVariantGroup;
			children = (
				CBFEE3B22B52F1FE00C43318 /* Base */,
			);
			name = LaunchScreen.storyboard;
			sourceTree = "<group>";
		};
/* End PBXVariantGroup section */

/* Begin XCBuildConfiguration section */
		CBFEE3CB2B52F1FE00C43318 /* Debug */ = {
			isa = XCBuildConfiguration;
			buildSettings = {
				ALWAYS_SEARCH_USER_PATHS = NO;
				ASSETCATALOG_COMPILER_GENERATE_SWIFT_ASSET_SYMBOL_EXTENSIONS = YES;
				CLANG_ANALYZER_NONNULL = YES;
				CLANG_ANALYZER_NUMBER_OBJECT_CONVERSION = YES_AGGRESSIVE;
				CLANG_CXX_LANGUAGE_STANDARD = "gnu++20";
				CLANG_ENABLE_MODULES = YES;
				CLANG_ENABLE_OBJC_ARC = YES;
				CLANG_ENABLE_OBJC_WEAK = YES;
				CLANG_WARN_BLOCK_CAPTURE_AUTORELEASING = YES;
				CLANG_WARN_BOOL_CONVERSION = YES;
				CLANG_WARN_COMMA = YES;
				CLANG_WARN_CONSTANT_CONVERSION = YES;
				CLANG_WARN_DEPRECATED_OBJC_IMPLEMENTATIONS = YES;
				CLANG_WARN_DIRECT_OBJC_ISA_USAGE = YES_ERROR;
				CLANG_WARN_DOCUMENTATION_COMMENTS = YES;
				CLANG_WARN_EMPTY_BODY = YES;
				CLANG_WARN_ENUM_CONVERSION = YES;
				CLANG_WARN_INFINITE_RECURSION = YES;
				CLANG_WARN_INT_CONVERSION = YES;
				CLANG_WARN_NON_LITERAL_NULL_CONVERSION = YES;
				CLANG_WARN_OBJC_IMPLICIT_RETAIN_SELF = YES;
				CLANG_WARN_OBJC_LITERAL_CONVERSION = YES;
				CLANG_WARN_OBJC_ROOT_CLASS = YES_ERROR;
				CLANG_WARN_QUOTED_INCLUDE_IN_FRAMEWORK_HEADER = YES;
				CLANG_WARN_RANGE_LOOP_ANALYSIS = YES;
				CLANG_WARN_STRICT_PROTOTYPES = YES;
				CLANG_WARN_SUSPICIOUS_MOVE = YES;
				CLANG_WARN_UNGUARDED_AVAILABILITY = YES_AGGRESSIVE;
				CLANG_WARN_UNREACHABLE_CODE = YES;
				CLANG_WARN__DUPLICATE_METHOD_MATCH = YES;
				COPY_PHASE_STRIP = NO;
				DEBUG_INFORMATION_FORMAT = dwarf;
				ENABLE_STRICT_OBJC_MSGSEND = YES;
				ENABLE_TESTABILITY = YES;
				ENABLE_USER_SCRIPT_SANDBOXING = YES;
				GCC_C_LANGUAGE_STANDARD = gnu17;
				GCC_DYNAMIC_NO_PIC = NO;
				GCC_NO_COMMON_BLOCKS = YES;
				GCC_OPTIMIZATION_LEVEL = 0;
				GCC_PREPROCESSOR_DEFINITIONS = (
					"DEBUG=1",
					"$(inherited)",
				);
				GCC_WARN_64_TO_32_BIT_CONVERSION = YES;
				GCC_WARN_ABOUT_RETURN_TYPE = YES_ERROR;
				GCC_WARN_UNDECLARED_SELECTOR = YES;
				GCC_WARN_UNINITIALIZED_AUTOS = YES_AGGRESSIVE;
				GCC_WARN_UNUSED_FUNCTION = YES;
				GCC_WARN_UNUSED_VARIABLE = YES;
				IPHONEOS_DEPLOYMENT_TARGET = 17.2;
				LOCALIZATION_PREFERS_STRING_CATALOGS = YES;
				MTL_ENABLE_DEBUG_INFO = INCLUDE_SOURCE;
				MTL_FAST_MATH = YES;
				ONLY_ACTIVE_ARCH = YES;
				SDKROOT = iphoneos;
				SWIFT_ACTIVE_COMPILATION_CONDITIONS = "DEBUG $(inherited)";
				SWIFT_OPTIMIZATION_LEVEL = "-Onone";
			};
			name = Debug;
		};
		CBFEE3CC2B52F1FE00C43318 /* Release */ = {
			isa = XCBuildConfiguration;
			buildSettings = {
				ALWAYS_SEARCH_USER_PATHS = NO;
				ASSETCATALOG_COMPILER_GENERATE_SWIFT_ASSET_SYMBOL_EXTENSIONS = YES;
				CLANG_ANALYZER_NONNULL = YES;
				CLANG_ANALYZER_NUMBER_OBJECT_CONVERSION = YES_AGGRESSIVE;
				CLANG_CXX_LANGUAGE_STANDARD = "gnu++20";
				CLANG_ENABLE_MODULES = YES;
				CLANG_ENABLE_OBJC_ARC = YES;
				CLANG_ENABLE_OBJC_WEAK = YES;
				CLANG_WARN_BLOCK_CAPTURE_AUTORELEASING = YES;
				CLANG_WARN_BOOL_CONVERSION = YES;
				CLANG_WARN_COMMA = YES;
				CLANG_WARN_CONSTANT_CONVERSION = YES;
				CLANG_WARN_DEPRECATED_OBJC_IMPLEMENTATIONS = YES;
				CLANG_WARN_DIRECT_OBJC_ISA_USAGE = YES_ERROR;
				CLANG_WARN_DOCUMENTATION_COMMENTS = YES;
				CLANG_WARN_EMPTY_BODY = YES;
				CLANG_WARN_ENUM_CONVERSION = YES;
				CLANG_WARN_INFINITE_RECURSION = YES;
				CLANG_WARN_INT_CONVERSION = YES;
				CLANG_WARN_NON_LITERAL_NULL_CONVERSION = YES;
				CLANG_WARN_OBJC_IMPLICIT_RETAIN_SELF = YES;
				CLANG_WARN_OBJC_LITERAL_CONVERSION = YES;
				CLANG_WARN_OBJC_ROOT_CLASS = YES_ERROR;
				CLANG_WARN_QUOTED_INCLUDE_IN_FRAMEWORK_HEADER = YES;
				CLANG_WARN_RANGE_LOOP_ANALYSIS = YES;
				CLANG_WARN_STRICT_PROTOTYPES = YES;
				CLANG_WARN_SUSPICIOUS_MOVE = YES;
				CLANG_WARN_UNGUARDED_AVAILABILITY = YES_AGGRESSIVE;
				CLANG_WARN_UNREACHABLE_CODE = YES;
				CLANG_WARN__DUPLICATE_METHOD_MATCH = YES;
				COPY_PHASE_STRIP = NO;
				DEBUG_INFORMATION_FORMAT = "dwarf-with-dsym";
				ENABLE_NS_ASSERTIONS = NO;
				ENABLE_STRICT_OBJC_MSGSEND = YES;
				ENABLE_USER_SCRIPT_SANDBOXING = YES;
				GCC_C_LANGUAGE_STANDARD = gnu17;
				GCC_NO_COMMON_BLOCKS = YES;
				GCC_WARN_64_TO_32_BIT_CONVERSION = YES;
				GCC_WARN_ABOUT_RETURN_TYPE = YES_ERROR;
				GCC_WARN_UNDECLARED_SELECTOR = YES;
				GCC_WARN_UNINITIALIZED_AUTOS = YES_AGGRESSIVE;
				GCC_WARN_UNUSED_FUNCTION = YES;
				GCC_WARN_UNUSED_VARIABLE = YES;
				IPHONEOS_DEPLOYMENT_TARGET = 17.2;
				LOCALIZATION_PREFERS_STRING_CATALOGS = YES;
				MTL_ENABLE_DEBUG_INFO = NO;
				MTL_FAST_MATH = YES;
				SDKROOT = iphoneos;
				SWIFT_COMPILATION_MODE = wholemodule;
				VALIDATE_PRODUCT = YES;
			};
			name = Release;
		};
		CBFEE3CE2B52F1FE00C43318 /* Debug */ = {
			isa = XCBuildConfiguration;
			buildSettings = {
				ASSETCATALOG_COMPILER_APPICON_NAME = AppIcon;
				ASSETCATALOG_COMPILER_GLOBAL_ACCENT_COLOR_NAME = AccentColor;
				CODE_SIGN_STYLE = Automatic;
				CURRENT_PROJECT_VERSION = 1;
				GENERATE_INFOPLIST_FILE = YES;
				INFOPLIST_FILE = "Assignment 1/Info.plist";
				INFOPLIST_KEY_UIApplicationSupportsIndirectInputEvents = YES;
				INFOPLIST_KEY_UILaunchStoryboardName = LaunchScreen;
				INFOPLIST_KEY_UIMainStoryboardFile = Main;
				INFOPLIST_KEY_UISupportedInterfaceOrientations_iPad = "UIInterfaceOrientationPortrait UIInterfaceOrientationPortraitUpsideDown UIInterfaceOrientationLandscapeLeft UIInterfaceOrientationLandscapeRight";
				INFOPLIST_KEY_UISupportedInterfaceOrientations_iPhone = "UIInterfaceOrientationPortrait UIInterfaceOrientationLandscapeLeft UIInterfaceOrientationLandscapeRight";
				LD_RUNPATH_SEARCH_PATHS = (
					"$(inherited)",
					"@executable_path/Frameworks",
				);
				MARKETING_VERSION = 1.0;
				PRODUCT_BUNDLE_IDENTIFIER = "edu.auburn.onlinecsse.Assignment-1";
				PRODUCT_NAME = "$(TARGET_NAME)";
				SWIFT_EMIT_LOC_STRINGS = YES;
				SWIFT_VERSION = 5.0;
				TARGETED_DEVICE_FAMILY = "1,2";
			};
			name = Debug;
		};
		CBFEE3CF2B52F1FE00C43318 /* Release */ = {
			isa = XCBuildConfiguration;
			buildSettings = {
				ASSETCATALOG_COMPILER_APPICON_NAME = AppIcon;
				ASSETCATALOG_COMPILER_GLOBAL_ACCENT_COLOR_NAME = AccentColor;
				CODE_SIGN_STYLE = Automatic;
				CURRENT_PROJECT_VERSION = 1;
				GENERATE_INFOPLIST_FILE = YES;
				INFOPLIST_FILE = "Assignment 1/Info.plist";
				INFOPLIST_KEY_UIApplicationSupportsIndirectInputEvents = YES;
				INFOPLIST_KEY_UILaunchStoryboardName = LaunchScreen;
				INFOPLIST_KEY_UIMainStoryboardFile = Main;
				INFOPLIST_KEY_UISupportedInterfaceOrientations_iPad = "UIInterfaceOrientationPortrait UIInterfaceOrientationPortraitUpsideDown UIInterfaceOrientationLandscapeLeft UIInterfaceOrientationLandscapeRight";
				INFOPLIST_KEY_UISupportedInterfaceOrientations_iPhone = "UIInterfaceOrientationPortrait UIInterfaceOrientationLandscapeLeft UIInterfaceOrientationLandscapeRight";
				LD_RUNPATH_SEARCH_PATHS = (
					"$(inherited)",
					"@executable_path/Frameworks",
				);
				MARKETING_VERSION = 1.0;
				PRODUCT_BUNDLE_IDENTIFIER = "edu.auburn.onlinecsse.Assignment-1";
				PRODUCT_NAME = "$(TARGET_NAME)";
				SWIFT_EMIT_LOC_STRINGS = YES;
				SWIFT_VERSION = 5.0;
				TARGETED_DEVICE_FAMILY = "1,2";
			};
			name = Release;
		};
		CBFEE3D12B52F1FE00C43318 /* Debug */ = {
			isa = XCBuildConfiguration;
			buildSettings = {
				ALWAYS_EMBED_SWIFT_STANDARD_LIBRARIES = YES;
				BUNDLE_LOADER = "$(TEST_HOST)";
				CODE_SIGN_STYLE = Automatic;
				CURRENT_PROJECT_VERSION = 1;
				GENERATE_INFOPLIST_FILE = YES;
				IPHONEOS_DEPLOYMENT_TARGET = 17.2;
				MARKETING_VERSION = 1.0;
				PRODUCT_BUNDLE_IDENTIFIER = "edu.auburn.onlinecsse.Assignment-1Tests";
				PRODUCT_NAME = "$(TARGET_NAME)";
				SWIFT_EMIT_LOC_STRINGS = NO;
				SWIFT_VERSION = 5.0;
				TARGETED_DEVICE_FAMILY = "1,2";
				TEST_HOST = "$(BUILT_PRODUCTS_DIR)/Assignment 1.app/$(BUNDLE_EXECUTABLE_FOLDER_PATH)/Assignment 1";
			};
			name = Debug;
		};
		CBFEE3D22B52F1FE00C43318 /* Release */ = {
			isa = XCBuildConfiguration;
			buildSettings = {
				ALWAYS_EMBED_SWIFT_STANDARD_LIBRARIES = YES;
				BUNDLE_LOADER = "$(TEST_HOST)";
				CODE_SIGN_STYLE = Automatic;
				CURRENT_PROJECT_VERSION = 1;
				GENERATE_INFOPLIST_FILE = YES;
				IPHONEOS_DEPLOYMENT_TARGET = 17.2;
				MARKETING_VERSION = 1.0;
				PRODUCT_BUNDLE_IDENTIFIER = "edu.auburn.onlinecsse.Assignment-1Tests";
				PRODUCT_NAME = "$(TARGET_NAME)";
				SWIFT_EMIT_LOC_STRINGS = NO;
				SWIFT_VERSION = 5.0;
				TARGETED_DEVICE_FAMILY = "1,2";
				TEST_HOST = "$(BUILT_PRODUCTS_DIR)/Assignment 1.app/$(BUNDLE_EXECUTABLE_FOLDER_PATH)/Assignment 1";
			};
			name = Release;
		};
		CBFEE3D42B52F1FE00C43318 /* Debug */ = {
			isa = XCBuildConfiguration;
			buildSettings = {
				ALWAYS_EMBED_SWIFT_STANDARD_LIBRARIES = YES;
				CODE_SIGN_STYLE = Automatic;
				CURRENT_PROJECT_VERSION = 1;
				GENERATE_INFOPLIST_FILE = YES;
				MARKETING_VERSION = 1.0;
				PRODUCT_BUNDLE_IDENTIFIER = "edu.auburn.onlinecsse.Assignment-1UITests";
				PRODUCT_NAME = "$(TARGET_NAME)";
				SWIFT_EMIT_LOC_STRINGS = NO;
				SWIFT_VERSION = 5.0;
				TARGETED_DEVICE_FAMILY = "1,2";
				TEST_TARGET_NAME = "Assignment 1";
			};
			name = Debug;
		};
		CBFEE3D52B52F1FE00C43318 /* Release */ = {
			isa = XCBuildConfiguration;
			buildSettings = {
				ALWAYS_EMBED_SWIFT_STANDARD_LIBRARIES = YES;
				CODE_SIGN_STYLE = Automatic;
				CURRENT_PROJECT_VERSION = 1;
				GENERATE_INFOPLIST_FILE = YES;
				MARKETING_VERSION = 1.0;
				PRODUCT_BUNDLE_IDENTIFIER = "edu.auburn.onlinecsse.Assignment-1UITests";
				PRODUCT_NAME = "$(TARGET_NAME)";
				SWIFT_EMIT_LOC_STRINGS = NO;
				SWIFT_VERSION = 5.0;
				TARGETED_DEVICE_FAMILY = "1,2";
				TEST_TARGET_NAME = "Assignment 1";
			};
			name = Release;
		};
/* End XCBuildConfiguration section */

/* Begin XCConfigurationList section */
		CBFEE39E2B52F1FD00C43318 /* Build configuration list for PBXProject "Assignment 1" */ = {
			isa = XCConfigurationList;
			buildConfigurations = (
				CBFEE3CB2B52F1FE00C43318 /* Debug */,
				CBFEE3CC2B52F1FE00C43318 /* Release */,
			);
			defaultConfigurationIsVisible = 0;
			defaultConfigurationName = Release;
		};
		CBFEE3CD2B52F1FE00C43318 /* Build configuration list for PBXNativeTarget "Assignment 1" */ = {
			isa = XCConfigurationList;
			buildConfigurations = (
				CBFEE3CE2B52F1FE00C43318 /* Debug */,
				CBFEE3CF2B52F1FE00C43318 /* Release */,
			);
			defaultConfigurationIsVisible = 0;
			defaultConfigurationName = Release;
		};
		CBFEE3D02B52F1FE00C43318 /* Build configuration list for PBXNativeTarget "Assignment 1Tests" */ = {
			isa = XCConfigurationList;
			buildConfigurations = (
				CBFEE3D12B52F1FE00C43318 /* Debug */,
				CBFEE3D22B52F1FE00C43318 /* Release */,
			);
			defaultConfigurationIsVisible = 0;
			defaultConfigurationName = Release;
		};
		CBFEE3D32B52F1FE00C43318 /* Build configuration list for PBXNativeTarget "Assignment 1UITests" */ = {
			isa = XCConfigurationList;
			buildConfigurations = (
				CBFEE3D42B52F1FE00C43318 /* Debug */,
				CBFEE3D52B52F1FE00C43318 /* Release */,
			);
			defaultConfigurationIsVisible = 0;
			defaultConfigurationName = Release;
		};
/* End XCConfigurationList section */
	};
	rootObject = CBFEE39B2B52F1FD00C43318 /* Project object */;
}
